
Microsoft Visual Studio Solution File, Format Version 12.00
# Visual Studio Version 17
VisualStudioVersion = 17.14.36203.30
MinimumVisualStudioVersion = 10.0.40219.1
Project("{FAE04EC0-301F-11D3-BF4B-00C04F79EFBC}") = "01.CountRealNumbers", "01.CountRealNumbers\01.CountRealNumbers.csproj", "{9899A8A9-9B0A-4E35-8B9D-4339C6A13CB4}"
EndProject
Project("{FAE04EC0-301F-11D3-BF4B-00C04F79EFBC}") = "02.OddOccurrences", "02.OddOccurrences\02.OddOccurrences.csproj", "{08999F3A-889B-403E-9098-623325EA9308}"
EndProject
Global
	GlobalSection(SolutionConfigurationPlatforms) = preSolution
		Debug|Any CPU = Debug|Any CPU
		Release|Any CPU = Release|Any CPU
	EndGlobalSection
	GlobalSection(ProjectConfigurationPlatforms) = postSolution
		{9899A8A9-9B0A-4E35-8B9D-4339C6A13CB4}.Debug|Any CPU.ActiveCfg = Debug|Any CPU
		{9899A8A9-9B0A-4E35-8B9D-4339C6A13CB4}.Debug|Any CPU.Build.0 = Debug|Any CPU
		{9899A8A9-9B0A-4E35-8B9D-4339C6A13CB4}.Release|Any CPU.ActiveCfg = Release|Any CPU
		{9899A8A9-9B0A-4E35-8B9D-4339C6A13CB4}.Release|Any CPU.Build.0 = Release|Any CPU
		{08999F3A-889B-403E-9098-623325EA9308}.Debug|Any CPU.ActiveCfg = Debug|Any CPU
		{08999F3A-889B-403E-9098-623325EA9308}.Debug|Any CPU.Build.0 = Debug|Any CPU
		{08999F3A-889B-403E-9098-623325EA9308}.Release|Any CPU.ActiveCfg = Release|Any CPU
		{08999F3A-889B-403E-9098-623325EA9308}.Release|Any CPU.Build.0 = Release|Any CPU
	EndGlobalSection
	GlobalSection(SolutionProperties) = preSolution
		HideSolutionNode = FALSE
	EndGlobalSection
	GlobalSection(ExtensibilityGlobals) = postSolution
		SolutionGuid = {D124D43A-2B29-4DC3-9257-13338DCC045F}
	EndGlobalSection
EndGlobal
